// !$*UTF8*$!
{
	archiveVersion = 1;
	classes = {
	};
	objectVersion = 46;
	objects = {

/* Begin PBXBuildFile section */
		84872BE5182607D4008F86DE /* Foundation.framework in Frameworks */ = {isa = PBXBuildFile; fileRef = 84872BE4182607D4008F86DE /* Foundation.framework */; };
		84872BE7182607D4008F86DE /* CoreGraphics.framework in Frameworks */ = {isa = PBXBuildFile; fileRef = 84872BE6182607D4008F86DE /* CoreGraphics.framework */; };
		84872BE9182607D4008F86DE /* UIKit.framework in Frameworks */ = {isa = PBXBuildFile; fileRef = 84872BE8182607D4008F86DE /* UIKit.framework */; };
		84872BEB182607D4008F86DE /* SpriteKit.framework in Frameworks */ = {isa = PBXBuildFile; fileRef = 84872BEA182607D4008F86DE /* SpriteKit.framework */; };
		84872BF1182607D4008F86DE /* InfoPlist.strings in Resources */ = {isa = PBXBuildFile; fileRef = 84872BEF182607D4008F86DE /* InfoPlist.strings */; };
		84872BF3182607D4008F86DE /* main.m in Sources */ = {isa = PBXBuildFile; fileRef = 84872BF2182607D4008F86DE /* main.m */; };
		84872BF7182607D4008F86DE /* FGAppDelegate.m in Sources */ = {isa = PBXBuildFile; fileRef = 84872BF6182607D4008F86DE /* FGAppDelegate.m */; };
		84872BFA182607D4008F86DE /* Main.storyboard in Resources */ = {isa = PBXBuildFile; fileRef = 84872BF8182607D4008F86DE /* Main.storyboard */; };
		84872C04182607D5008F86DE /* Images.xcassets in Resources */ = {isa = PBXBuildFile; fileRef = 84872C03182607D5008F86DE /* Images.xcassets */; };
		84872C0B182607D5008F86DE /* XCTest.framework in Frameworks */ = {isa = PBXBuildFile; fileRef = 84872C0A182607D5008F86DE /* XCTest.framework */; };
		84872C0C182607D5008F86DE /* Foundation.framework in Frameworks */ = {isa = PBXBuildFile; fileRef = 84872BE4182607D4008F86DE /* Foundation.framework */; };
		84872C0D182607D5008F86DE /* UIKit.framework in Frameworks */ = {isa = PBXBuildFile; fileRef = 84872BE8182607D4008F86DE /* UIKit.framework */; };
		84872C15182607D5008F86DE /* InfoPlist.strings in Resources */ = {isa = PBXBuildFile; fileRef = 84872C13182607D5008F86DE /* InfoPlist.strings */; };
		84872C17182607D5008F86DE /* factoryTests.m in Sources */ = {isa = PBXBuildFile; fileRef = 84872C16182607D5008F86DE /* factoryTests.m */; };
		924B1A4219A95AC10096EED9 /* Connector.swift in Sources */ = {isa = PBXBuildFile; fileRef = 924B1A4119A95AC10096EED9 /* Connector.swift */; };
		924B1A4519A95B060096EED9 /* ConnectorTests.swift in Sources */ = {isa = PBXBuildFile; fileRef = 924B1A4419A95B060096EED9 /* ConnectorTests.swift */; };
		92576EC71A14679F00815C05 /* Zone.swift in Sources */ = {isa = PBXBuildFile; fileRef = 92576EC61A14679F00815C05 /* Zone.swift */; };
		92576EC91A14791800815C05 /* LevelSelectViewController.swift in Sources */ = {isa = PBXBuildFile; fileRef = 92576EC81A14791800815C05 /* LevelSelectViewController.swift */; };
		926B3D931A1EE6630095D60F /* ValidationFileProtocols.swift in Sources */ = {isa = PBXBuildFile; fileRef = 926B3D921A1EE6630095D60F /* ValidationFileProtocols.swift */; };
		926B3D951A1F2F730095D60F /* testing-belts-and-switchboxes.level in Resources */ = {isa = PBXBuildFile; fileRef = 926B3D941A1F2F730095D60F /* testing-belts-and-switchboxes.level */; };
		926BD2951A15DFCA005BD6FF /* level2.level in Resources */ = {isa = PBXBuildFile; fileRef = 926BD2941A15DFCA005BD6FF /* level2.level */; };
		926BD2971A15FAE4005BD6FF /* LevelTemplate in Resources */ = {isa = PBXBuildFile; fileRef = 926BD2961A15FAE4005BD6FF /* LevelTemplate */; };
		9270239D1A08A7B2004DB6CB /* Widge.swift in Sources */ = {isa = PBXBuildFile; fileRef = 9270239C1A08A7B2004DB6CB /* Widge.swift */; };
		92717C181A2999A100D5C7A6 /* Combiner.swift in Sources */ = {isa = PBXBuildFile; fileRef = 92717C171A2999A100D5C7A6 /* Combiner.swift */; };
		92717C1A1A299BFA00D5C7A6 /* combiner.level in Resources */ = {isa = PBXBuildFile; fileRef = 92717C191A299BFA00D5C7A6 /* combiner.level */; };
		928933201A0EAF220013A598 /* Gravity.swift in Sources */ = {isa = PBXBuildFile; fileRef = 9289331F1A0EAF220013A598 /* Gravity.swift */; };
		928933221A0EB17F0013A598 /* Input.swift in Sources */ = {isa = PBXBuildFile; fileRef = 928933211A0EB17F0013A598 /* Input.swift */; };
		928933241A0EB37C0013A598 /* Output.swift in Sources */ = {isa = PBXBuildFile; fileRef = 928933231A0EB37C0013A598 /* Output.swift */; };
		928933261A0EB8CE0013A598 /* Transformer.swift in Sources */ = {isa = PBXBuildFile; fileRef = 928933251A0EB8CE0013A598 /* Transformer.swift */; };
		928933281A0EBC800013A598 /* TransferBox.swift in Sources */ = {isa = PBXBuildFile; fileRef = 928933271A0EBC800013A598 /* TransferBox.swift */; };
		9289332A1A0EBF750013A598 /* VerticalBelt.swift in Sources */ = {isa = PBXBuildFile; fileRef = 928933291A0EBF750013A598 /* VerticalBelt.swift */; };
		9289332C1A0ECD160013A598 /* LevelScene.swift in Sources */ = {isa = PBXBuildFile; fileRef = 9289332B1A0ECD160013A598 /* LevelScene.swift */; };
		9289332E1A0ECDB40013A598 /* Constants.swift in Sources */ = {isa = PBXBuildFile; fileRef = 9289332D1A0ECDB40013A598 /* Constants.swift */; };
		928933301A0ECEB90013A598 /* Utility.swift in Sources */ = {isa = PBXBuildFile; fileRef = 9289332F1A0ECEB90013A598 /* Utility.swift */; };
		92893B881A280B730069C3A4 /* SwitchBox.swift in Sources */ = {isa = PBXBuildFile; fileRef = 92893B871A280B730069C3A4 /* SwitchBox.swift */; };
		92893B8A1A285C190069C3A4 /* switchbox.level in Resources */ = {isa = PBXBuildFile; fileRef = 92893B891A285C190069C3A4 /* switchbox.level */; };
		929198D71A286C2700A0EF35 /* Container.swift in Sources */ = {isa = PBXBuildFile; fileRef = 929198D61A286C2700A0EF35 /* Container.swift */; };
		929198D91A286E3A00A0EF35 /* containers.level in Resources */ = {isa = PBXBuildFile; fileRef = 929198D81A286E3A00A0EF35 /* containers.level */; };
		92AB7F771A0B3AB500128B91 /* Machine.swift in Sources */ = {isa = PBXBuildFile; fileRef = 92AB7F761A0B3AB500128B91 /* Machine.swift */; };
		92AB7F791A0B568C00128B91 /* Belt.swift in Sources */ = {isa = PBXBuildFile; fileRef = 92AB7F781A0B568C00128B91 /* Belt.swift */; };
		92C1FCA319E9D439001C1178 /* ConnectionPoint.swift in Sources */ = {isa = PBXBuildFile; fileRef = 92C1FCA219E9D439001C1178 /* ConnectionPoint.swift */; };
		92C62CED1A148B3D00DC2D5C /* Level.swift in Sources */ = {isa = PBXBuildFile; fileRef = 92C62CEC1A148B3D00DC2D5C /* Level.swift */; };
		92C62CF01A148D7700DC2D5C /* level1.level in Resources */ = {isa = PBXBuildFile; fileRef = 92C62CEF1A148D7700DC2D5C /* level1.level */; };
		92C7FB001A0F070000ED13AD /* LevelViewController.swift in Sources */ = {isa = PBXBuildFile; fileRef = 92C7FAFF1A0F070000ED13AD /* LevelViewController.swift */; };
		92C7FB021A0F07D500ED13AD /* GridOverlay.swift in Sources */ = {isa = PBXBuildFile; fileRef = 92C7FB011A0F07D500ED13AD /* GridOverlay.swift */; };
		92CD66741A315E1B00AA2E74 /* january-2.level in Resources */ = {isa = PBXBuildFile; fileRef = 92CD66731A315E1B00AA2E74 /* january-2.level */; };
		92E51D411A19F17200F1EEA2 /* Action.swift in Sources */ = {isa = PBXBuildFile; fileRef = 92E51D401A19F17200F1EEA2 /* Action.swift */; };
		92E7CB8D1A1DB33A007A78DA /* LevelFileParser.swift in Sources */ = {isa = PBXBuildFile; fileRef = 92E7CB8C1A1DB33A007A78DA /* LevelFileParser.swift */; };
		92FBF2B51A1C54A300C7300D /* GameOverViewController.swift in Sources */ = {isa = PBXBuildFile; fileRef = 92FBF2B41A1C54A300C7300D /* GameOverViewController.swift */; };
		92FBF2B71A1C56CB00C7300D /* january-1.level in Resources */ = {isa = PBXBuildFile; fileRef = 92FBF2B61A1C56CB00C7300D /* january-1.level */; };
/* End PBXBuildFile section */

/* Begin PBXContainerItemProxy section */
		84872C0E182607D5008F86DE /* PBXContainerItemProxy */ = {
			isa = PBXContainerItemProxy;
			containerPortal = 84872BD9182607D4008F86DE /* Project object */;
			proxyType = 1;
			remoteGlobalIDString = 84872BE0182607D4008F86DE;
			remoteInfo = factory;
		};
/* End PBXContainerItemProxy section */

/* Begin PBXFileReference section */
		84872BE1182607D4008F86DE /* factory.app */ = {isa = PBXFileReference; explicitFileType = wrapper.application; includeInIndex = 0; path = factory.app; sourceTree = BUILT_PRODUCTS_DIR; };
		84872BE4182607D4008F86DE /* Foundation.framework */ = {isa = PBXFileReference; lastKnownFileType = wrapper.framework; name = Foundation.framework; path = System/Library/Frameworks/Foundation.framework; sourceTree = SDKROOT; };
		84872BE6182607D4008F86DE /* CoreGraphics.framework */ = {isa = PBXFileReference; lastKnownFileType = wrapper.framework; name = CoreGraphics.framework; path = System/Library/Frameworks/CoreGraphics.framework; sourceTree = SDKROOT; };
		84872BE8182607D4008F86DE /* UIKit.framework */ = {isa = PBXFileReference; lastKnownFileType = wrapper.framework; name = UIKit.framework; path = System/Library/Frameworks/UIKit.framework; sourceTree = SDKROOT; };
		84872BEA182607D4008F86DE /* SpriteKit.framework */ = {isa = PBXFileReference; lastKnownFileType = wrapper.framework; name = SpriteKit.framework; path = System/Library/Frameworks/SpriteKit.framework; sourceTree = SDKROOT; };
		84872BEE182607D4008F86DE /* factory-Info.plist */ = {isa = PBXFileReference; lastKnownFileType = text.plist.xml; path = "factory-Info.plist"; sourceTree = "<group>"; };
		84872BF0182607D4008F86DE /* en */ = {isa = PBXFileReference; lastKnownFileType = text.plist.strings; name = en; path = en.lproj/InfoPlist.strings; sourceTree = "<group>"; };
		84872BF2182607D4008F86DE /* main.m */ = {isa = PBXFileReference; lastKnownFileType = sourcecode.c.objc; path = main.m; sourceTree = "<group>"; };
		84872BF4182607D4008F86DE /* factory-Prefix.pch */ = {isa = PBXFileReference; lastKnownFileType = sourcecode.c.h; path = "factory-Prefix.pch"; sourceTree = "<group>"; };
		84872BF5182607D4008F86DE /* FGAppDelegate.h */ = {isa = PBXFileReference; lastKnownFileType = sourcecode.c.h; path = FGAppDelegate.h; sourceTree = "<group>"; };
		84872BF6182607D4008F86DE /* FGAppDelegate.m */ = {isa = PBXFileReference; lastKnownFileType = sourcecode.c.objc; path = FGAppDelegate.m; sourceTree = "<group>"; };
		84872BF9182607D4008F86DE /* Base */ = {isa = PBXFileReference; lastKnownFileType = file.storyboard; name = Base; path = Base.lproj/Main.storyboard; sourceTree = "<group>"; };
		84872C03182607D5008F86DE /* Images.xcassets */ = {isa = PBXFileReference; lastKnownFileType = folder.assetcatalog; path = Images.xcassets; sourceTree = "<group>"; };
		84872C09182607D5008F86DE /* factoryTests.xctest */ = {isa = PBXFileReference; explicitFileType = wrapper.cfbundle; includeInIndex = 0; path = factoryTests.xctest; sourceTree = BUILT_PRODUCTS_DIR; };
		84872C0A182607D5008F86DE /* XCTest.framework */ = {isa = PBXFileReference; lastKnownFileType = wrapper.framework; name = XCTest.framework; path = Library/Frameworks/XCTest.framework; sourceTree = DEVELOPER_DIR; };
		84872C12182607D5008F86DE /* factoryTests-Info.plist */ = {isa = PBXFileReference; lastKnownFileType = text.plist.xml; path = "factoryTests-Info.plist"; sourceTree = "<group>"; };
		84872C14182607D5008F86DE /* en */ = {isa = PBXFileReference; lastKnownFileType = text.plist.strings; name = en; path = en.lproj/InfoPlist.strings; sourceTree = "<group>"; };
		84872C16182607D5008F86DE /* factoryTests.m */ = {isa = PBXFileReference; lastKnownFileType = sourcecode.c.objc; path = factoryTests.m; sourceTree = "<group>"; };
		924B1A4019A95AC10096EED9 /* factory-Bridging-Header.h */ = {isa = PBXFileReference; lastKnownFileType = sourcecode.c.h; path = "factory-Bridging-Header.h"; sourceTree = "<group>"; };
		924B1A4119A95AC10096EED9 /* Connector.swift */ = {isa = PBXFileReference; fileEncoding = 4; lastKnownFileType = sourcecode.swift; path = Connector.swift; sourceTree = "<group>"; };
		924B1A4319A95B050096EED9 /* factoryTests-Bridging-Header.h */ = {isa = PBXFileReference; lastKnownFileType = sourcecode.c.h; name = "factoryTests-Bridging-Header.h"; path = "../factory/factoryTests-Bridging-Header.h"; sourceTree = "<group>"; };
		924B1A4419A95B060096EED9 /* ConnectorTests.swift */ = {isa = PBXFileReference; fileEncoding = 4; lastKnownFileType = sourcecode.swift; name = ConnectorTests.swift; path = ../factory/ConnectorTests.swift; sourceTree = "<group>"; };
		92576EC61A14679F00815C05 /* Zone.swift */ = {isa = PBXFileReference; fileEncoding = 4; lastKnownFileType = sourcecode.swift; path = Zone.swift; sourceTree = "<group>"; };
		92576EC81A14791800815C05 /* LevelSelectViewController.swift */ = {isa = PBXFileReference; fileEncoding = 4; lastKnownFileType = sourcecode.swift; path = LevelSelectViewController.swift; sourceTree = "<group>"; };
		926B3D921A1EE6630095D60F /* ValidationFileProtocols.swift */ = {isa = PBXFileReference; fileEncoding = 4; lastKnownFileType = sourcecode.swift; path = ValidationFileProtocols.swift; sourceTree = "<group>"; };
		926B3D941A1F2F730095D60F /* testing-belts-and-switchboxes.level */ = {isa = PBXFileReference; fileEncoding = 4; lastKnownFileType = text; path = "testing-belts-and-switchboxes.level"; sourceTree = "<group>"; };
		926BD2941A15DFCA005BD6FF /* level2.level */ = {isa = PBXFileReference; fileEncoding = 4; lastKnownFileType = text; path = level2.level; sourceTree = "<group>"; };
		926BD2961A15FAE4005BD6FF /* LevelTemplate */ = {isa = PBXFileReference; fileEncoding = 4; lastKnownFileType = text; path = LevelTemplate; sourceTree = "<group>"; };
		9270239C1A08A7B2004DB6CB /* Widge.swift */ = {isa = PBXFileReference; fileEncoding = 4; lastKnownFileType = sourcecode.swift; path = Widge.swift; sourceTree = "<group>"; };
		92717C171A2999A100D5C7A6 /* Combiner.swift */ = {isa = PBXFileReference; fileEncoding = 4; lastKnownFileType = sourcecode.swift; path = Combiner.swift; sourceTree = "<group>"; };
		92717C191A299BFA00D5C7A6 /* combiner.level */ = {isa = PBXFileReference; fileEncoding = 4; lastKnownFileType = text; path = combiner.level; sourceTree = "<group>"; };
		9289331F1A0EAF220013A598 /* Gravity.swift */ = {isa = PBXFileReference; fileEncoding = 4; lastKnownFileType = sourcecode.swift; path = Gravity.swift; sourceTree = "<group>"; };
		928933211A0EB17F0013A598 /* Input.swift */ = {isa = PBXFileReference; fileEncoding = 4; lastKnownFileType = sourcecode.swift; path = Input.swift; sourceTree = "<group>"; };
		928933231A0EB37C0013A598 /* Output.swift */ = {isa = PBXFileReference; fileEncoding = 4; lastKnownFileType = sourcecode.swift; path = Output.swift; sourceTree = "<group>"; };
		928933251A0EB8CE0013A598 /* Transformer.swift */ = {isa = PBXFileReference; fileEncoding = 4; lastKnownFileType = sourcecode.swift; path = Transformer.swift; sourceTree = "<group>"; };
		928933271A0EBC800013A598 /* TransferBox.swift */ = {isa = PBXFileReference; fileEncoding = 4; lastKnownFileType = sourcecode.swift; path = TransferBox.swift; sourceTree = "<group>"; };
		928933291A0EBF750013A598 /* VerticalBelt.swift */ = {isa = PBXFileReference; fileEncoding = 4; lastKnownFileType = sourcecode.swift; path = VerticalBelt.swift; sourceTree = "<group>"; };
		9289332B1A0ECD160013A598 /* LevelScene.swift */ = {isa = PBXFileReference; fileEncoding = 4; lastKnownFileType = sourcecode.swift; path = LevelScene.swift; sourceTree = "<group>"; };
		9289332D1A0ECDB40013A598 /* Constants.swift */ = {isa = PBXFileReference; fileEncoding = 4; lastKnownFileType = sourcecode.swift; path = Constants.swift; sourceTree = "<group>"; };
		9289332F1A0ECEB90013A598 /* Utility.swift */ = {isa = PBXFileReference; fileEncoding = 4; lastKnownFileType = sourcecode.swift; path = Utility.swift; sourceTree = "<group>"; };
		92893B871A280B730069C3A4 /* SwitchBox.swift */ = {isa = PBXFileReference; fileEncoding = 4; lastKnownFileType = sourcecode.swift; path = SwitchBox.swift; sourceTree = "<group>"; };
		92893B891A285C190069C3A4 /* switchbox.level */ = {isa = PBXFileReference; fileEncoding = 4; lastKnownFileType = text; path = switchbox.level; sourceTree = "<group>"; };
		929198D61A286C2700A0EF35 /* Container.swift */ = {isa = PBXFileReference; fileEncoding = 4; lastKnownFileType = sourcecode.swift; path = Container.swift; sourceTree = "<group>"; };
		929198D81A286E3A00A0EF35 /* containers.level */ = {isa = PBXFileReference; fileEncoding = 4; lastKnownFileType = text; path = containers.level; sourceTree = "<group>"; };
		92AB7F761A0B3AB500128B91 /* Machine.swift */ = {isa = PBXFileReference; fileEncoding = 4; lastKnownFileType = sourcecode.swift; path = Machine.swift; sourceTree = "<group>"; };
		92AB7F781A0B568C00128B91 /* Belt.swift */ = {isa = PBXFileReference; fileEncoding = 4; lastKnownFileType = sourcecode.swift; path = Belt.swift; sourceTree = "<group>"; };
		92C1FCA219E9D439001C1178 /* ConnectionPoint.swift */ = {isa = PBXFileReference; fileEncoding = 4; lastKnownFileType = sourcecode.swift; path = ConnectionPoint.swift; sourceTree = "<group>"; };
		92C62CEC1A148B3D00DC2D5C /* Level.swift */ = {isa = PBXFileReference; fileEncoding = 4; lastKnownFileType = sourcecode.swift; path = Level.swift; sourceTree = "<group>"; };
		92C62CEF1A148D7700DC2D5C /* level1.level */ = {isa = PBXFileReference; fileEncoding = 4; lastKnownFileType = text; path = level1.level; sourceTree = "<group>"; };
		92C7FAFF1A0F070000ED13AD /* LevelViewController.swift */ = {isa = PBXFileReference; fileEncoding = 4; lastKnownFileType = sourcecode.swift; path = LevelViewController.swift; sourceTree = "<group>"; };
		92C7FB011A0F07D500ED13AD /* GridOverlay.swift */ = {isa = PBXFileReference; fileEncoding = 4; lastKnownFileType = sourcecode.swift; path = GridOverlay.swift; sourceTree = "<group>"; };
		92CD66731A315E1B00AA2E74 /* january-2.level */ = {isa = PBXFileReference; fileEncoding = 4; lastKnownFileType = text; path = "january-2.level"; sourceTree = "<group>"; };
		92E51D401A19F17200F1EEA2 /* Action.swift */ = {isa = PBXFileReference; fileEncoding = 4; lastKnownFileType = sourcecode.swift; path = Action.swift; sourceTree = "<group>"; };
		92E7CB8C1A1DB33A007A78DA /* LevelFileParser.swift */ = {isa = PBXFileReference; fileEncoding = 4; lastKnownFileType = sourcecode.swift; path = LevelFileParser.swift; sourceTree = "<group>"; };
		92FBF2B41A1C54A300C7300D /* GameOverViewController.swift */ = {isa = PBXFileReference; fileEncoding = 4; lastKnownFileType = sourcecode.swift; path = GameOverViewController.swift; sourceTree = "<group>"; };
		92FBF2B61A1C56CB00C7300D /* january-1.level */ = {isa = PBXFileReference; fileEncoding = 4; lastKnownFileType = text; path = "january-1.level"; sourceTree = "<group>"; };
/* End PBXFileReference section */

/* Begin PBXFrameworksBuildPhase section */
		84872BDE182607D4008F86DE /* Frameworks */ = {
			isa = PBXFrameworksBuildPhase;
			buildActionMask = 2147483647;
			files = (
				84872BE7182607D4008F86DE /* CoreGraphics.framework in Frameworks */,
				84872BE9182607D4008F86DE /* UIKit.framework in Frameworks */,
				84872BEB182607D4008F86DE /* SpriteKit.framework in Frameworks */,
				84872BE5182607D4008F86DE /* Foundation.framework in Frameworks */,
			);
			runOnlyForDeploymentPostprocessing = 0;
		};
		84872C06182607D5008F86DE /* Frameworks */ = {
			isa = PBXFrameworksBuildPhase;
			buildActionMask = 2147483647;
			files = (
				84872C0B182607D5008F86DE /* XCTest.framework in Frameworks */,
				84872C0D182607D5008F86DE /* UIKit.framework in Frameworks */,
				84872C0C182607D5008F86DE /* Foundation.framework in Frameworks */,
			);
			runOnlyForDeploymentPostprocessing = 0;
		};
/* End PBXFrameworksBuildPhase section */

/* Begin PBXGroup section */
		84374E3A182CB4FA00F74638 /* Machines */ = {
			isa = PBXGroup;
			children = (
				926B3D921A1EE6630095D60F /* ValidationFileProtocols.swift */,
				92AB7F761A0B3AB500128B91 /* Machine.swift */,
				92AB7F781A0B568C00128B91 /* Belt.swift */,
				9289331F1A0EAF220013A598 /* Gravity.swift */,
				928933211A0EB17F0013A598 /* Input.swift */,
				928933231A0EB37C0013A598 /* Output.swift */,
				928933251A0EB8CE0013A598 /* Transformer.swift */,
				928933271A0EBC800013A598 /* TransferBox.swift */,
				928933291A0EBF750013A598 /* VerticalBelt.swift */,
				92893B871A280B730069C3A4 /* SwitchBox.swift */,
				929198D61A286C2700A0EF35 /* Container.swift */,
				92717C171A2999A100D5C7A6 /* Combiner.swift */,
			);
			name = Machines;
			sourceTree = "<group>";
		};
		84872BD8182607D4008F86DE = {
			isa = PBXGroup;
			children = (
				84872BEC182607D4008F86DE /* factory */,
				84872C10182607D5008F86DE /* factoryTests */,
				84872BE3182607D4008F86DE /* Frameworks */,
				84872BE2182607D4008F86DE /* Products */,
			);
			sourceTree = "<group>";
		};
		84872BE2182607D4008F86DE /* Products */ = {
			isa = PBXGroup;
			children = (
				84872BE1182607D4008F86DE /* factory.app */,
				84872C09182607D5008F86DE /* factoryTests.xctest */,
			);
			name = Products;
			sourceTree = "<group>";
		};
		84872BE3182607D4008F86DE /* Frameworks */ = {
			isa = PBXGroup;
			children = (
				84872BE4182607D4008F86DE /* Foundation.framework */,
				84872BE6182607D4008F86DE /* CoreGraphics.framework */,
				84872BE8182607D4008F86DE /* UIKit.framework */,
				84872BEA182607D4008F86DE /* SpriteKit.framework */,
				84872C0A182607D5008F86DE /* XCTest.framework */,
			);
			name = Frameworks;
			sourceTree = "<group>";
		};
		84872BEC182607D4008F86DE /* factory */ = {
			isa = PBXGroup;
			children = (
				924B1A4019A95AC10096EED9 /* factory-Bridging-Header.h */,
				84872BF8182607D4008F86DE /* Main.storyboard */,
				92C62CEE1A148C1800DC2D5C /* Levels */,
				92576ECA1A1479D100815C05 /* Level Select */,
				92576ECB1A1479DC00815C05 /* Level Scene */,
				92FBF2B31A1C545A00C7300D /* Game Over */,
				84A4CD921831FA6D00DAD99C /* Custom Views */,
				84872BF5182607D4008F86DE /* FGAppDelegate.h */,
				84872BF6182607D4008F86DE /* FGAppDelegate.m */,
				DD17B2F218340D650011AC7C /* Widge Graph */,
				84374E3A182CB4FA00F74638 /* Machines */,
				92576ECC1A147A0400815C05 /* Utility */,
				84872C03182607D5008F86DE /* Images.xcassets */,
				84872BED182607D4008F86DE /* Supporting Files */,
			);
			path = factory;
			sourceTree = "<group>";
		};
		84872BED182607D4008F86DE /* Supporting Files */ = {
			isa = PBXGroup;
			children = (
				84872BEE182607D4008F86DE /* factory-Info.plist */,
				84872BEF182607D4008F86DE /* InfoPlist.strings */,
				84872BF2182607D4008F86DE /* main.m */,
				84872BF4182607D4008F86DE /* factory-Prefix.pch */,
			);
			name = "Supporting Files";
			sourceTree = "<group>";
		};
		84872C10182607D5008F86DE /* factoryTests */ = {
			isa = PBXGroup;
			children = (
				924B1A4419A95B060096EED9 /* ConnectorTests.swift */,
				924B1A4319A95B050096EED9 /* factoryTests-Bridging-Header.h */,
				84872C16182607D5008F86DE /* factoryTests.m */,
				84872C11182607D5008F86DE /* Supporting Files */,
			);
			path = factoryTests;
			sourceTree = "<group>";
		};
		84872C11182607D5008F86DE /* Supporting Files */ = {
			isa = PBXGroup;
			children = (
				84872C12182607D5008F86DE /* factoryTests-Info.plist */,
				84872C13182607D5008F86DE /* InfoPlist.strings */,
			);
			name = "Supporting Files";
			sourceTree = "<group>";
		};
		84A4CD921831FA6D00DAD99C /* Custom Views */ = {
			isa = PBXGroup;
			children = (
				92C7FB011A0F07D500ED13AD /* GridOverlay.swift */,
			);
			name = "Custom Views";
			sourceTree = "<group>";
		};
		92576ECA1A1479D100815C05 /* Level Select */ = {
			isa = PBXGroup;
			children = (
				92576EC81A14791800815C05 /* LevelSelectViewController.swift */,
			);
			name = "Level Select";
			sourceTree = "<group>";
		};
		92576ECB1A1479DC00815C05 /* Level Scene */ = {
			isa = PBXGroup;
			children = (
				92C7FAFF1A0F070000ED13AD /* LevelViewController.swift */,
				9289332B1A0ECD160013A598 /* LevelScene.swift */,
				92C62CEC1A148B3D00DC2D5C /* Level.swift */,
				92E7CB8C1A1DB33A007A78DA /* LevelFileParser.swift */,
			);
			name = "Level Scene";
			sourceTree = "<group>";
		};
		92576ECC1A147A0400815C05 /* Utility */ = {
			isa = PBXGroup;
			children = (
				9289332D1A0ECDB40013A598 /* Constants.swift */,
				9289332F1A0ECEB90013A598 /* Utility.swift */,
				92576EC61A14679F00815C05 /* Zone.swift */,
			);
			name = Utility;
			sourceTree = "<group>";
		};
		92C62CEE1A148C1800DC2D5C /* Levels */ = {
			isa = PBXGroup;
			children = (
				926BD2961A15FAE4005BD6FF /* LevelTemplate */,
				92C62CEF1A148D7700DC2D5C /* level1.level */,
				926BD2941A15DFCA005BD6FF /* level2.level */,
				92FBF2B61A1C56CB00C7300D /* january-1.level */,
				92CD66731A315E1B00AA2E74 /* january-2.level */,
				926B3D941A1F2F730095D60F /* testing-belts-and-switchboxes.level */,
				92893B891A285C190069C3A4 /* switchbox.level */,
				929198D81A286E3A00A0EF35 /* containers.level */,
				92717C191A299BFA00D5C7A6 /* combiner.level */,
			);
			name = Levels;
			sourceTree = "<group>";
		};
		92FBF2B31A1C545A00C7300D /* Game Over */ = {
			isa = PBXGroup;
			children = (
				92FBF2B41A1C54A300C7300D /* GameOverViewController.swift */,
			);
			name = "Game Over";
			sourceTree = "<group>";
		};
		DD17B2F218340D650011AC7C /* Widge Graph */ = {
			isa = PBXGroup;
			children = (
				9270239C1A08A7B2004DB6CB /* Widge.swift */,
				924B1A4119A95AC10096EED9 /* Connector.swift */,
				92C1FCA219E9D439001C1178 /* ConnectionPoint.swift */,
				92E51D401A19F17200F1EEA2 /* Action.swift */,
			);
			name = "Widge Graph";
			sourceTree = "<group>";
		};
/* End PBXGroup section */

/* Begin PBXNativeTarget section */
		84872BE0182607D4008F86DE /* factory */ = {
			isa = PBXNativeTarget;
			buildConfigurationList = 84872C1A182607D5008F86DE /* Build configuration list for PBXNativeTarget "factory" */;
			buildPhases = (
				84872BDD182607D4008F86DE /* Sources */,
				84872BDE182607D4008F86DE /* Frameworks */,
				84872BDF182607D4008F86DE /* Resources */,
			);
			buildRules = (
			);
			dependencies = (
			);
			name = factory;
			productName = factory;
			productReference = 84872BE1182607D4008F86DE /* factory.app */;
			productType = "com.apple.product-type.application";
		};
		84872C08182607D5008F86DE /* factoryTests */ = {
			isa = PBXNativeTarget;
			buildConfigurationList = 84872C1D182607D5008F86DE /* Build configuration list for PBXNativeTarget "factoryTests" */;
			buildPhases = (
				84872C05182607D5008F86DE /* Sources */,
				84872C06182607D5008F86DE /* Frameworks */,
				84872C07182607D5008F86DE /* Resources */,
			);
			buildRules = (
			);
			dependencies = (
				84872C0F182607D5008F86DE /* PBXTargetDependency */,
			);
			name = factoryTests;
			productName = factoryTests;
			productReference = 84872C09182607D5008F86DE /* factoryTests.xctest */;
			productType = "com.apple.product-type.bundle.unit-test";
		};
/* End PBXNativeTarget section */

/* Begin PBXProject section */
		84872BD9182607D4008F86DE /* Project object */ = {
			isa = PBXProject;
			attributes = {
				CLASSPREFIX = FG;
				LastUpgradeCheck = 0610;
				ORGANIZATIONNAME = "Zach Jaquish";
				TargetAttributes = {
					84872BE0182607D4008F86DE = {
						DevelopmentTeam = FYLK3X5TXL;
					};
					84872C08182607D5008F86DE = {
						TestTargetID = 84872BE0182607D4008F86DE;
					};
				};
			};
			buildConfigurationList = 84872BDC182607D4008F86DE /* Build configuration list for PBXProject "factory" */;
			compatibilityVersion = "Xcode 3.2";
			developmentRegion = English;
			hasScannedForEncodings = 0;
			knownRegions = (
				en,
				Base,
			);
			mainGroup = 84872BD8182607D4008F86DE;
			productRefGroup = 84872BE2182607D4008F86DE /* Products */;
			projectDirPath = "";
			projectRoot = "";
			targets = (
				84872BE0182607D4008F86DE /* factory */,
				84872C08182607D5008F86DE /* factoryTests */,
			);
		};
/* End PBXProject section */

/* Begin PBXResourcesBuildPhase section */
		84872BDF182607D4008F86DE /* Resources */ = {
			isa = PBXResourcesBuildPhase;
			buildActionMask = 2147483647;
			files = (
				92893B8A1A285C190069C3A4 /* switchbox.level in Resources */,
				84872BF1182607D4008F86DE /* InfoPlist.strings in Resources */,
				92CD66741A315E1B00AA2E74 /* january-2.level in Resources */,
				84872C04182607D5008F86DE /* Images.xcassets in Resources */,
				926BD2951A15DFCA005BD6FF /* level2.level in Resources */,
				84872BFA182607D4008F86DE /* Main.storyboard in Resources */,
				92C62CF01A148D7700DC2D5C /* level1.level in Resources */,
				929198D91A286E3A00A0EF35 /* containers.level in Resources */,
				92717C1A1A299BFA00D5C7A6 /* combiner.level in Resources */,
				92FBF2B71A1C56CB00C7300D /* january-1.level in Resources */,
				926B3D951A1F2F730095D60F /* testing-belts-and-switchboxes.level in Resources */,
				926BD2971A15FAE4005BD6FF /* LevelTemplate in Resources */,
			);
			runOnlyForDeploymentPostprocessing = 0;
		};
		84872C07182607D5008F86DE /* Resources */ = {
			isa = PBXResourcesBuildPhase;
			buildActionMask = 2147483647;
			files = (
				84872C15182607D5008F86DE /* InfoPlist.strings in Resources */,
			);
			runOnlyForDeploymentPostprocessing = 0;
		};
/* End PBXResourcesBuildPhase section */

/* Begin PBXSourcesBuildPhase section */
		84872BDD182607D4008F86DE /* Sources */ = {
			isa = PBXSourcesBuildPhase;
			buildActionMask = 2147483647;
			files = (
				84872BF3182607D4008F86DE /* main.m in Sources */,
				92E51D411A19F17200F1EEA2 /* Action.swift in Sources */,
				9289332E1A0ECDB40013A598 /* Constants.swift in Sources */,
				928933201A0EAF220013A598 /* Gravity.swift in Sources */,
				92C7FB001A0F070000ED13AD /* LevelViewController.swift in Sources */,
				928933261A0EB8CE0013A598 /* Transformer.swift in Sources */,
				928933301A0ECEB90013A598 /* Utility.swift in Sources */,
				928933241A0EB37C0013A598 /* Output.swift in Sources */,
				92576EC71A14679F00815C05 /* Zone.swift in Sources */,
				9270239D1A08A7B2004DB6CB /* Widge.swift in Sources */,
				9289332A1A0EBF750013A598 /* VerticalBelt.swift in Sources */,
				924B1A4219A95AC10096EED9 /* Connector.swift in Sources */,
				84872BF7182607D4008F86DE /* FGAppDelegate.m in Sources */,
				92AB7F791A0B568C00128B91 /* Belt.swift in Sources */,
				928933281A0EBC800013A598 /* TransferBox.swift in Sources */,
				926B3D931A1EE6630095D60F /* ValidationFileProtocols.swift in Sources */,
				929198D71A286C2700A0EF35 /* Container.swift in Sources */,
				928933221A0EB17F0013A598 /* Input.swift in Sources */,
				92C62CED1A148B3D00DC2D5C /* Level.swift in Sources */,
				92AB7F771A0B3AB500128B91 /* Machine.swift in Sources */,
				92C7FB021A0F07D500ED13AD /* GridOverlay.swift in Sources */,
				92FBF2B51A1C54A300C7300D /* GameOverViewController.swift in Sources */,
				92576EC91A14791800815C05 /* LevelSelectViewController.swift in Sources */,
				92E7CB8D1A1DB33A007A78DA /* LevelFileParser.swift in Sources */,
				92717C181A2999A100D5C7A6 /* Combiner.swift in Sources */,
				9289332C1A0ECD160013A598 /* LevelScene.swift in Sources */,
				92C1FCA319E9D439001C1178 /* ConnectionPoint.swift in Sources */,
				92893B881A280B730069C3A4 /* SwitchBox.swift in Sources */,
			);
			runOnlyForDeploymentPostprocessing = 0;
		};
		84872C05182607D5008F86DE /* Sources */ = {
			isa = PBXSourcesBuildPhase;
			buildActionMask = 2147483647;
			files = (
				84872C17182607D5008F86DE /* factoryTests.m in Sources */,
				924B1A4519A95B060096EED9 /* ConnectorTests.swift in Sources */,
			);
			runOnlyForDeploymentPostprocessing = 0;
		};
/* End PBXSourcesBuildPhase section */

/* Begin PBXTargetDependency section */
		84872C0F182607D5008F86DE /* PBXTargetDependency */ = {
			isa = PBXTargetDependency;
			target = 84872BE0182607D4008F86DE /* factory */;
			targetProxy = 84872C0E182607D5008F86DE /* PBXContainerItemProxy */;
		};
/* End PBXTargetDependency section */

/* Begin PBXVariantGroup section */
		84872BEF182607D4008F86DE /* InfoPlist.strings */ = {
			isa = PBXVariantGroup;
			children = (
				84872BF0182607D4008F86DE /* en */,
			);
			name = InfoPlist.strings;
			sourceTree = "<group>";
		};
		84872BF8182607D4008F86DE /* Main.storyboard */ = {
			isa = PBXVariantGroup;
			children = (
				84872BF9182607D4008F86DE /* Base */,
			);
			name = Main.storyboard;
			sourceTree = "<group>";
		};
		84872C13182607D5008F86DE /* InfoPlist.strings */ = {
			isa = PBXVariantGroup;
			children = (
				84872C14182607D5008F86DE /* en */,
			);
			name = InfoPlist.strings;
			sourceTree = "<group>";
		};
/* End PBXVariantGroup section */

/* Begin XCBuildConfiguration section */
		84872C18182607D5008F86DE /* Debug */ = {
			isa = XCBuildConfiguration;
			buildSettings = {
				ALWAYS_SEARCH_USER_PATHS = NO;
				CLANG_CXX_LANGUAGE_STANDARD = "gnu++0x";
				CLANG_CXX_LIBRARY = "libc++";
				CLANG_ENABLE_MODULES = YES;
				CLANG_ENABLE_OBJC_ARC = YES;
				CLANG_WARN_BOOL_CONVERSION = YES;
				CLANG_WARN_CONSTANT_CONVERSION = YES;
				CLANG_WARN_DIRECT_OBJC_ISA_USAGE = YES_ERROR;
				CLANG_WARN_EMPTY_BODY = YES;
				CLANG_WARN_ENUM_CONVERSION = YES;
				CLANG_WARN_INT_CONVERSION = YES;
				CLANG_WARN_OBJC_ROOT_CLASS = YES_ERROR;
				CLANG_WARN__DUPLICATE_METHOD_MATCH = YES;
				"CODE_SIGN_IDENTITY[sdk=iphoneos*]" = "iPhone Developer";
				COPY_PHASE_STRIP = NO;
				GCC_C_LANGUAGE_STANDARD = gnu99;
				GCC_DYNAMIC_NO_PIC = NO;
				GCC_OPTIMIZATION_LEVEL = 0;
				GCC_PREPROCESSOR_DEFINITIONS = (
					"DEBUG=1",
					"$(inherited)",
				);
				GCC_SYMBOLS_PRIVATE_EXTERN = NO;
				GCC_WARN_64_TO_32_BIT_CONVERSION = YES;
				GCC_WARN_ABOUT_RETURN_TYPE = YES_ERROR;
				GCC_WARN_UNDECLARED_SELECTOR = YES;
				GCC_WARN_UNINITIALIZED_AUTOS = YES;
				GCC_WARN_UNUSED_FUNCTION = YES;
				GCC_WARN_UNUSED_VARIABLE = YES;
				IPHONEOS_DEPLOYMENT_TARGET = 7.0;
				ONLY_ACTIVE_ARCH = YES;
				SDKROOT = iphoneos;
				TARGETED_DEVICE_FAMILY = 2;
			};
			name = Debug;
		};
		84872C19182607D5008F86DE /* Release */ = {
			isa = XCBuildConfiguration;
			buildSettings = {
				ALWAYS_SEARCH_USER_PATHS = NO;
				CLANG_CXX_LANGUAGE_STANDARD = "gnu++0x";
				CLANG_CXX_LIBRARY = "libc++";
				CLANG_ENABLE_MODULES = YES;
				CLANG_ENABLE_OBJC_ARC = YES;
				CLANG_WARN_BOOL_CONVERSION = YES;
				CLANG_WARN_CONSTANT_CONVERSION = YES;
				CLANG_WARN_DIRECT_OBJC_ISA_USAGE = YES_ERROR;
				CLANG_WARN_EMPTY_BODY = YES;
				CLANG_WARN_ENUM_CONVERSION = YES;
				CLANG_WARN_INT_CONVERSION = YES;
				CLANG_WARN_OBJC_ROOT_CLASS = YES_ERROR;
				CLANG_WARN__DUPLICATE_METHOD_MATCH = YES;
				"CODE_SIGN_IDENTITY[sdk=iphoneos*]" = "iPhone Developer";
				COPY_PHASE_STRIP = YES;
				ENABLE_NS_ASSERTIONS = NO;
				GCC_C_LANGUAGE_STANDARD = gnu99;
				GCC_WARN_64_TO_32_BIT_CONVERSION = YES;
				GCC_WARN_ABOUT_RETURN_TYPE = YES_ERROR;
				GCC_WARN_UNDECLARED_SELECTOR = YES;
				GCC_WARN_UNINITIALIZED_AUTOS = YES;
				GCC_WARN_UNUSED_FUNCTION = YES;
				GCC_WARN_UNUSED_VARIABLE = YES;
				IPHONEOS_DEPLOYMENT_TARGET = 7.0;
				SDKROOT = iphoneos;
				TARGETED_DEVICE_FAMILY = 2;
				VALIDATE_PRODUCT = YES;
			};
			name = Release;
		};
		84872C1B182607D5008F86DE /* Debug */ = {
			isa = XCBuildConfiguration;
			buildSettings = {
				ASSETCATALOG_COMPILER_APPICON_NAME = AppIcon;
				ASSETCATALOG_COMPILER_LAUNCHIMAGE_NAME = LaunchImage;
				CLANG_ENABLE_MODULES = YES;
				CODE_SIGN_IDENTITY = "iPhone Developer";
				"CODE_SIGN_IDENTITY[sdk=iphoneos*]" = "iPhone Developer";
				GCC_PRECOMPILE_PREFIX_HEADER = YES;
				GCC_PREFIX_HEADER = "factory/factory-Prefix.pch";
				INFOPLIST_FILE = "factory/factory-Info.plist";
				LD_RUNPATH_SEARCH_PATHS = "$(inherited) @executable_path/Frameworks";
				PRODUCT_NAME = "$(TARGET_NAME)";
				PROVISIONING_PROFILE = "";
				SPRITEKIT_TEXTURE_ATLAS_OUTPUT = YES;
				SWIFT_OBJC_BRIDGING_HEADER = "factory/factory-Bridging-Header.h";
				SWIFT_OPTIMIZATION_LEVEL = "-Onone";
				TARGETED_DEVICE_FAMILY = 2;
				WRAPPER_EXTENSION = app;
			};
			name = Debug;
		};
		84872C1C182607D5008F86DE /* Release */ = {
			isa = XCBuildConfiguration;
			buildSettings = {
				ASSETCATALOG_COMPILER_APPICON_NAME = AppIcon;
				ASSETCATALOG_COMPILER_LAUNCHIMAGE_NAME = LaunchImage;
				CLANG_ENABLE_MODULES = YES;
				CODE_SIGN_IDENTITY = "iPhone Developer";
				"CODE_SIGN_IDENTITY[sdk=iphoneos*]" = "iPhone Developer";
				GCC_PRECOMPILE_PREFIX_HEADER = YES;
				GCC_PREFIX_HEADER = "factory/factory-Prefix.pch";
				INFOPLIST_FILE = "factory/factory-Info.plist";
				LD_RUNPATH_SEARCH_PATHS = "$(inherited) @executable_path/Frameworks";
				PRODUCT_NAME = "$(TARGET_NAME)";
				PROVISIONING_PROFILE = "";
				SPRITEKIT_TEXTURE_ATLAS_OUTPUT = YES;
				SWIFT_OBJC_BRIDGING_HEADER = "factory/factory-Bridging-Header.h";
				TARGETED_DEVICE_FAMILY = 2;
				WRAPPER_EXTENSION = app;
			};
			name = Release;
		};
		84872C1E182607D5008F86DE /* Debug */ = {
			isa = XCBuildConfiguration;
			buildSettings = {
				BUNDLE_LOADER = "$(BUILT_PRODUCTS_DIR)/factory.app/factory";
				CLANG_ENABLE_MODULES = YES;
				FRAMEWORK_SEARCH_PATHS = (
					"$(SDKROOT)/Developer/Library/Frameworks",
					"$(inherited)",
					"$(DEVELOPER_FRAMEWORKS_DIR)",
				);
				GCC_PRECOMPILE_PREFIX_HEADER = YES;
				GCC_PREFIX_HEADER = "factory/factory-Prefix.pch";
				GCC_PREPROCESSOR_DEFINITIONS = (
					"DEBUG=1",
					"$(inherited)",
				);
				INFOPLIST_FILE = "factoryTests/factoryTests-Info.plist";
				LD_RUNPATH_SEARCH_PATHS = "$(inherited) @executable_path/Frameworks @loader_path/Frameworks";
				PRODUCT_NAME = "$(TARGET_NAME)";
				SWIFT_OBJC_BRIDGING_HEADER = "factory/factoryTests-Bridging-Header.h";
				SWIFT_OPTIMIZATION_LEVEL = "-Onone";
				TEST_HOST = "$(BUNDLE_LOADER)";
				WRAPPER_EXTENSION = xctest;
			};
			name = Debug;
		};
		84872C1F182607D5008F86DE /* Release */ = {
			isa = XCBuildConfiguration;
			buildSettings = {
				BUNDLE_LOADER = "$(BUILT_PRODUCTS_DIR)/factory.app/factory";
				CLANG_ENABLE_MODULES = YES;
				FRAMEWORK_SEARCH_PATHS = (
					"$(SDKROOT)/Developer/Library/Frameworks",
					"$(inherited)",
					"$(DEVELOPER_FRAMEWORKS_DIR)",
				);
				GCC_PRECOMPILE_PREFIX_HEADER = YES;
				GCC_PREFIX_HEADER = "factory/factory-Prefix.pch";
				INFOPLIST_FILE = "factoryTests/factoryTests-Info.plist";
				LD_RUNPATH_SEARCH_PATHS = "$(inherited) @executable_path/Frameworks @loader_path/Frameworks";
				PRODUCT_NAME = "$(TARGET_NAME)";
				SWIFT_OBJC_BRIDGING_HEADER = "factory/factoryTests-Bridging-Header.h";
				TEST_HOST = "$(BUNDLE_LOADER)";
				WRAPPER_EXTENSION = xctest;
			};
			name = Release;
		};
/* End XCBuildConfiguration section */

/* Begin XCConfigurationList section */
		84872BDC182607D4008F86DE /* Build configuration list for PBXProject "factory" */ = {
			isa = XCConfigurationList;
			buildConfigurations = (
				84872C18182607D5008F86DE /* Debug */,
				84872C19182607D5008F86DE /* Release */,
			);
			defaultConfigurationIsVisible = 0;
			defaultConfigurationName = Release;
		};
		84872C1A182607D5008F86DE /* Build configuration list for PBXNativeTarget "factory" */ = {
			isa = XCConfigurationList;
			buildConfigurations = (
				84872C1B182607D5008F86DE /* Debug */,
				84872C1C182607D5008F86DE /* Release */,
			);
			defaultConfigurationIsVisible = 0;
			defaultConfigurationName = Release;
		};
		84872C1D182607D5008F86DE /* Build configuration list for PBXNativeTarget "factoryTests" */ = {
			isa = XCConfigurationList;
			buildConfigurations = (
				84872C1E182607D5008F86DE /* Debug */,
				84872C1F182607D5008F86DE /* Release */,
			);
			defaultConfigurationIsVisible = 0;
			defaultConfigurationName = Release;
		};
/* End XCConfigurationList section */
	};
	rootObject = 84872BD9182607D4008F86DE /* Project object */;
}
